
Microsoft Visual Studio Solution File, Format Version 12.00
# Visual Studio Version 16
VisualStudioVersion = 16.0.29609.76
MinimumVisualStudioVersion = 10.0.40219.1
Project("{FAE04EC0-301F-11D3-BF4B-00C04F79EFBC}") = "Vigenere algorithm", "Vigenere algorithm.csproj", "{4A33F9C3-85D6-4278-8019-15EDF46D7EB1}"
EndProject
Global
	GlobalSection(SolutionConfigurationPlatforms) = preSolution
		Debug|Any CPU = Debug|Any CPU
		Release|Any CPU = Release|Any CPU
	EndGlobalSection
	GlobalSection(ProjectConfigurationPlatforms) = postSolution
		{4A33F9C3-85D6-4278-8019-15EDF46D7EB1}.Debug|Any CPU.ActiveCfg = Debug|Any CPU
		{4A33F9C3-85D6-4278-8019-15EDF46D7EB1}.Debug|Any CPU.Build.0 = Debug|Any CPU
		{4A33F9C3-85D6-4278-8019-15EDF46D7EB1}.Release|Any CPU.ActiveCfg = Release|Any CPU
		{4A33F9C3-85D6-4278-8019-15EDF46D7EB1}.Release|Any CPU.Build.0 = Release|Any CPU
	EndGlobalSection
	GlobalSection(SolutionProperties) = preSolution
		HideSolutionNode = FALSE
	EndGlobalSection
	GlobalSection(ExtensibilityGlobals) = postSolution
		SolutionGuid = {E69F99A5-A908-4458-9502-41582BD91E1E}
	EndGlobalSection
EndGlobal
